version: 6
environments:
  default:
    channels:
    - url: https://conda.anaconda.org/conda-forge/
    packages:
      linux-64:
      - conda: https://conda.anaconda.org/conda-forge/linux-64/_openmp_mutex-4.5-20_gnu.conda
      - conda: https://conda.anaconda.org/conda-forge/linux-64/binutils-2.46.1-default_h4852527_102.conda
      - conda: https://conda.anaconda.org/conda-forge/linux-64/binutils_impl_linux-64-2.46.1-default_hfdba357_102.conda
      - conda: https://conda.anaconda.org/conda-forge/linux-64/binutils_linux-64-2.46.1-default_h4852527_102.conda
      - conda: https://conda.anaconda.org/conda-forge/linux-64/bzip2-1.0.8-hda65f42_10.conda
      - conda: https://conda.anaconda.org/conda-forge/linux-64/c-ares-1.34.8-h280c20c_1.conda
      - conda: https://conda.anaconda.org/conda-forge/linux-64/c-compiler-1.11.0-h4d9bdce_0.conda
      - conda: https://conda.anaconda.org/conda-forge/noarch/ca-certificates-2026.7.22-hbd8a1cb_0.conda
      - conda: https://conda.anaconda.org/conda-forge/linux-64/catch2-3.15.3-h171cf75_0.conda
      - conda: https://conda.anaconda.org/conda-forge/linux-64/cmake-4.4.2-hc85cc9f_0.conda
      - conda: https://conda.anaconda.org/conda-forge/linux-64/conda-gcc-specs-14.4.0-h611768e_1.conda
      - conda: https://conda.anaconda.org/conda-forge/linux-64/cpptango-10.3.3-h7ad94e1_0.conda
      - conda: https://conda.anaconda.org/conda-forge/linux-64/cppzmq-4.11.0-hbe92c44_0.conda
      - conda: https://conda.anaconda.org/conda-forge/linux-64/cxx-compiler-1.11.0-hfcd1e18_0.conda
      - conda: https://conda.anaconda.org/conda-forge/linux-64/gcc-14.4.0-hc6a0c74_1.conda
      - conda: https://conda.anaconda.org/conda-forge/linux-64/gcc_impl_linux-64-14.4.0-h9711763_1.conda
      - conda: https://conda.anaconda.org/conda-forge/linux-64/gcc_linux-64-14.4.0-hc469d41_0.conda
      - conda: https://conda.anaconda.org/conda-forge/linux-64/gxx-14.4.0-hd47ba16_1.conda
      - conda: https://conda.anaconda.org/conda-forge/linux-64/gxx_impl_linux-64-14.4.0-hc436dd5_1.conda
      - conda: https://conda.anaconda.org/conda-forge/linux-64/gxx_linux-64-14.4.0-h82679ac_0.conda
      - conda: https://conda.anaconda.org/conda-forge/linux-64/icu-78.3-h54a6638_2.conda
      - conda: https://conda.anaconda.org/conda-forge/noarch/kernel-headers_linux-64-4.18.0-he073ed8_9.conda
      - conda: https://conda.anaconda.org/conda-forge/linux-64/keyutils-1.6.3-hb9d3cd8_0.conda
      - conda: https://conda.anaconda.org/conda-forge/linux-64/krb5-1.22.2-hbde042b_1.conda
      - conda: https://conda.anaconda.org/conda-forge/linux-64/ld_impl_linux-64-2.46.1-default_hbd61a6d_102.conda
      - conda: https://conda.anaconda.org/conda-forge/linux-64/libabseil-20260526.0-cxx17_h7b12aa8_1.conda
      - conda: https://conda.anaconda.org/conda-forge/linux-64/libcap-2.78-h084b8d7_1.conda
      - conda: https://conda.anaconda.org/conda-forge/linux-64/libcurl-8.21.0-heca4667_4.conda
      - conda: https://conda.anaconda.org/conda-forge/linux-64/libedit-3.1.20250104-pl5321h7949ede_0.conda
      - conda: https://conda.anaconda.org/conda-forge/linux-64/libev-4.33-h280c20c_3.conda
      - conda: https://conda.anaconda.org/conda-forge/linux-64/libexpat-2.8.1-hecca717_1.conda
      - conda: https://conda.anaconda.org/conda-forge/linux-64/libgcc-16.1.0-ha9f2e26_1.conda
      - conda: https://conda.anaconda.org/conda-forge/noarch/libgcc-devel_linux-64-14.4.0-hd9a9cd0_101.conda
      - conda: https://conda.anaconda.org/conda-forge/linux-64/libgcc-ng-16.1.0-h69a702a_1.conda
      - conda: https://conda.anaconda.org/conda-forge/linux-64/libgomp-16.1.0-he0feb66_1.conda
      - conda: https://conda.anaconda.org/conda-forge/linux-64/libgrpc-1.82.1-h792040b_0.conda
      - conda: https://conda.anaconda.org/conda-forge/linux-64/libjpeg-turbo-3.2.0-hb03c661_1.conda
      - conda: https://conda.anaconda.org/conda-forge/linux-64/liblzma-5.8.3-hb03c661_0.conda
      - conda: https://conda.anaconda.org/conda-forge/linux-64/libnghttp2-1.68.1-h877daf1_0.conda
      - conda: https://conda.anaconda.org/conda-forge/linux-64/libnl-3.11.0-hb9d3cd8_0.conda
      - conda: https://conda.anaconda.org/conda-forge/linux-64/libopentelemetry-cpp-1.27.0-h3133023_1.conda
      - conda: https://conda.anaconda.org/conda-forge/linux-64/libopentelemetry-cpp-headers-1.27.0-ha770c72_1.conda
      - conda: https://conda.anaconda.org/conda-forge/linux-64/libprotobuf-7.35.1-h2840a7c_2.conda
      - conda: https://conda.anaconda.org/conda-forge/linux-64/libpsl-0.23.0-hf670292_0.conda
      - conda: https://conda.anaconda.org/conda-forge/linux-64/libre2-11-2025.11.05-h60473fc_2.conda
      - conda: https://conda.anaconda.org/conda-forge/linux-64/libsanitizer-14.4.0-hf39dbba_1.conda
      - conda: https://conda.anaconda.org/conda-forge/linux-64/libsodium-1.0.22-h280c20c_1.conda
      - conda: https://conda.anaconda.org/conda-forge/linux-64/libssh2-1.11.1-hcf80075_0.conda
      - conda: https://conda.anaconda.org/conda-forge/linux-64/libstdcxx-16.1.0-h934c35e_1.conda
      - conda: https://conda.anaconda.org/conda-forge/noarch/libstdcxx-devel_linux-64-14.4.0-ha5b54cb_101.conda
      - conda: https://conda.anaconda.org/conda-forge/linux-64/libsystemd0-257.13-h084b8d7_1.conda
      - conda: https://conda.anaconda.org/conda-forge/linux-64/libudev1-257.13-h084b8d7_1.conda
      - conda: https://conda.anaconda.org/conda-forge/linux-64/libuv-1.52.1-h280c20c_1.conda
      - conda: https://conda.anaconda.org/conda-forge/linux-64/libzlib-1.3.2-h25fd6f3_3.conda
      - conda: https://conda.anaconda.org/conda-forge/linux-64/ncurses-6.6-hdb14827_0.conda
      - conda: https://conda.anaconda.org/conda-forge/linux-64/ninja-1.13.2-h171cf75_0.conda
      - conda: https://conda.anaconda.org/conda-forge/linux-64/nlohmann_json-3.12.0-h54a6638_2.conda
      - conda: https://conda.anaconda.org/conda-forge/linux-64/omniorb-libs-4.3.4-h0273d15_1.conda
      - conda: https://conda.anaconda.org/conda-forge/linux-64/openssl-3.6.3-h35e630c_1.conda
      - conda: https://conda.anaconda.org/conda-forge/linux-64/pkg-config-0.29.2-h4bc722e_1009.conda
      - conda: https://conda.anaconda.org/conda-forge/linux-64/prometheus-cpp-1.3.0-ha5d0236_0.conda
      - conda: https://conda.anaconda.org/conda-forge/linux-64/rdma-core-63.0-h192683f_1.conda
      - conda: https://conda.anaconda.org/conda-forge/linux-64/re2-2025.11.05-h94463f1_2.conda
      - conda: https://conda.anaconda.org/conda-forge/linux-64/rhash-1.4.6-hb9d3cd8_1.conda
      - conda: https://conda.anaconda.org/conda-forge/noarch/sysroot_linux-64-2.28-h4ee821c_9.conda
      - conda: https://conda.anaconda.org/conda-forge/noarch/tzdata-2026c-h151e31d_0.conda
      - conda: https://conda.anaconda.org/conda-forge/linux-64/ucx-1.22.0-hb659a20_0.conda
      - conda: https://conda.anaconda.org/conda-forge/linux-64/zeromq-4.3.5-h09e67af_11.conda
      - conda: https://conda.anaconda.org/conda-forge/linux-64/zlib-1.3.2-h25fd6f3_3.conda
      - conda: https://conda.anaconda.org/conda-forge/linux-64/zstd-1.5.7-hb78ec9c_6.conda
packages:
- conda: https://conda.anaconda.org/conda-forge/linux-64/_openmp_mutex-4.5-20_gnu.conda
  build_number: 20
  sha256: 1dd3fffd892081df9726d7eb7e0dea6198962ba775bd88842135a4ddb4deb3c9
  md5: a9f577daf3de00bca7c3c76c0ecbd1de
  depends:
  - __glibc >=2.17,<3.0.a0
  - libgomp >=7.5.0
  constrains:
  - openmp_impl <0.0a0
  license: BSD-3-Clause
  license_family: BSD
  size: 28948
  timestamp: 1770939786096
- conda: https://conda.anaconda.org/conda-forge/linux-64/binutils-2.46.1-default_h4852527_102.conda
  sha256: 659c367ef49df7741749a2ad240b007d7df51b4f210505a78543deafb001e44c
  md5: e8452fe381cac5fff20563a07722dfa5
  depends:
  - binutils_impl_linux-64 >=2.46.1,<2.46.2.0a0
  license: GPL-3.0-only
  license_family: GPL
  size: 35399
  timestamp: 1784214547142
- conda: https://conda.anaconda.org/conda-forge/linux-64/binutils_impl_linux-64-2.46.1-default_hfdba357_102.conda
  sha256: fb7bf36984a37ce7e4714d1d1da0bd0e3bfc679520f5cdc184afc676fd4b5da2
  md5: a0c5e0b7f58c8ceeb08e5bc41251d5a2
  depends:
  - ld_impl_linux-64 2.46.1 default_hbd61a6d_102
  - sysroot_linux-64
  - zstd >=1.5.7,<1.6.0a0
  license: GPL-3.0-only
  license_family: GPL
  size: 3713752
  timestamp: 1784214522814
- conda: https://conda.anaconda.org/conda-forge/linux-64/binutils_linux-64-2.46.1-default_h4852527_102.conda
  sha256: 08d7238663fc408ba2ab60b02fa3d06a7ca9d872962e03e90c7e0fdecb7ed1d0
  md5: 32fd07abe84eb14f17c7f5cc6fa8df82
  depends:
  - binutils_impl_linux-64 2.46.1 default_hfdba357_102
  license: GPL-3.0-only
  license_family: GPL
  size: 36337
  timestamp: 1784214551894
- conda: https://conda.anaconda.org/conda-forge/linux-64/bzip2-1.0.8-hda65f42_10.conda
  sha256: 1a0d382c515ebf55f8ee1f38c8b81bc95af5c2acc42ad53b66bc5df932032f96
  md5: e675fabcf81499adc7edf58124fb1e01
  depends:
  - __glibc >=2.17,<3.0.a0
  - libgcc >=14
  license: bzip2-1.0.6
  license_family: BSD
  size: 257808
  timestamp: 1785906269155
- conda: https://conda.anaconda.org/conda-forge/linux-64/c-ares-1.34.8-h280c20c_1.conda
  sha256: 5139b6afbfaca91c47104ba9a6a40f81211e1c9200e96b73ce3a56f0ca1902f4
  md5: 2cef891b791040aab83e218c7d137679
  depends:
  - __glibc >=2.17,<3.0.a0
  - libgcc >=14
  constrains:
  - c-ares-static <0a0
  license: MIT
  license_family: MIT
  size: 226755
  timestamp: 1786116641939
- conda: https://conda.anaconda.org/conda-forge/linux-64/c-compiler-1.11.0-h4d9bdce_0.conda
  sha256: 8e7a40f16400d7839c82581410aa05c1f8324a693c9d50079f8c50dc9fb241f0
  md5: abd85120de1187b0d1ec305c2173c71b
  depends:
  - binutils
  - gcc
  - gcc_linux-64 14.*
  license: BSD-3-Clause
  license_family: BSD
  size: 6693
  timestamp: 1753098721814
- conda: https://conda.anaconda.org/conda-forge/noarch/ca-certificates-2026.7.22-hbd8a1cb_0.conda
  sha256: 0a0544cf95f64394fe4959286f5c71f5444ad58feb0602e53becb27448d24da6
  md5: 0f51e2391ade309db462a55611263e9c
  depends:
  - __unix
  license: ISC
  size: 131780
  timestamp: 1784754889428
- conda: https://conda.anaconda.org/conda-forge/linux-64/catch2-3.15.3-h171cf75_0.conda
  sha256: 465249a46c261db026bd4d87f87f50e958fb32785c6591fd9eb2a15755a2ed19
  md5: 3d69448c04772824a750a772040eb693
  depends:
  - libstdcxx >=14
  - libgcc >=14
  - __glibc >=2.17,<3.0.a0
  license: BSL-1.0
  size: 654555
  timestamp: 1785125753833
- conda: https://conda.anaconda.org/conda-forge/linux-64/cmake-4.4.2-hc85cc9f_0.conda
  sha256: 5c8027d6f51e4aea86dfa74a09481f6e275742a620c5a88b132ec01405e9bd6e
  md5: c7d7ad5d723ffc37a7892d9dd9dd115d
  depends:
  - __glibc >=2.17,<3.0.a0
  - bzip2 >=1.0.8,<2.0a0
  - libcurl >=8.21.0,<9.0a0
  - libexpat >=2.8.1,<3.0a0
  - libgcc >=14
  - liblzma >=5.8.3,<6.0a0
  - libstdcxx >=14
  - libuv >=1.52.1,<2.0a0
  - libzlib >=1.3.2,<2.0a0
  - ncurses >=6.6,<7.0a0
  - rhash >=1.4.6,<2.0a0
  - zstd >=1.5.7,<1.6.0a0
  license: BSD-3-Clause
  license_family: BSD
  size: 23711960
  timestamp: 1785533746305
- conda: https://conda.anaconda.org/conda-forge/linux-64/conda-gcc-specs-14.4.0-h611768e_1.conda
  sha256: 81327f9b1db24d4d6d2326a6dc21a799a427d0fd8b3a949881a939b3ce44cfc8
  md5: efd6d10c5ffe7431aca2fd8c78c60c32
  depends:
  - gcc_impl_linux-64 >=14.4.0,<14.4.1.0a0
  license: GPL-3.0-only WITH GCC-exception-3.1
  license_family: GPL
  size: 32239
  timestamp: 1785374690936
- conda: https://conda.anaconda.org/conda-forge/linux-64/cpptango-10.3.3-h7ad94e1_0.conda
  sha256: afd4bf16c1e54c0df7d3b88a9551ce963ea685dc05c03a5daf6a80cc7f432171
  md5: e9ae80a0d6704fd22408ea1929ed8bcf
  depends:
  - libstdcxx >=14
  - libgcc >=14
  - __glibc >=2.17,<3.0.a0
  - omniorb-libs >=4.3.4,<4.4.0a0
  - libjpeg-turbo >=3.2.0,<4.0a0
  - zeromq >=4.3.5,<4.4.0a0
  - libopentelemetry-cpp >=1.27.0,<1.28.0a0
  license: LGPL-3.0-or-later
  license_family: LGPL
  size: 2968032
  timestamp: 1784018119179
- conda: https://conda.anaconda.org/conda-forge/linux-64/cppzmq-4.11.0-hbe92c44_0.conda
  sha256: 1b64ea828c840a261fd9a066c38059c6e251ddc026e45e70382c75178a207bb9
  md5: 4804e92eea34ea83985a345eaf45ab46
  depends:
  - __glibc >=2.17,<3.0.a0
  - libgcc >=13
  - libstdcxx >=13
  - zeromq >=4.3.5,<4.4.0a0
  license: MIT
  license_family: MIT
  size: 30502
  timestamp: 1763728886940
- conda: https://conda.anaconda.org/conda-forge/linux-64/cxx-compiler-1.11.0-hfcd1e18_0.conda
  sha256: 3fcc97ae3e89c150401a50a4de58794ffc67b1ed0e1851468fcc376980201e25
  md5: 5da8c935dca9186673987f79cef0b2a5
  depends:
  - c-compiler 1.11.0 h4d9bdce_0
  - gxx
  - gxx_linux-64 14.*
  license: BSD-3-Clause
  license_family: BSD
  size: 6635
  timestamp: 1753098722177
- conda: https://conda.anaconda.org/conda-forge/linux-64/gcc-14.4.0-hc6a0c74_1.conda
  sha256: e8bedab429b82df70562525aeaaab9c256a8713aecd4fab696310807e10a7460
  md5: fcd2b41f019953fb6e89efaef2905ce2
  depends:
  - conda-gcc-specs
  - gcc_impl_linux-64 14.4.0 h9711763_1
  license: BSD-3-Clause
  license_family: BSD
  size: 29190
  timestamp: 1785374790020
- conda: https://conda.anaconda.org/conda-forge/linux-64/gcc_impl_linux-64-14.4.0-h9711763_1.conda
  sha256: 7945f55ef3cbd81132dd42258295c906ef5b8df20936f6d0b9bdaa741a0e03c7
  md5: ccaabac23b7229f71df5aa354121c41f
  depends:
  - binutils_impl_linux-64 >=2.46.1
  - libgcc >=14.4.0
  - libgcc-devel_linux-64 14.4.0 hd9a9cd0_101
  - libgomp >=14.4.0
  - libsanitizer 14.4.0 hf39dbba_1
  - libstdcxx >=14.4.0
  - libstdcxx-devel_linux-64 14.4.0 ha5b54cb_101
  - sysroot_linux-64
  license: GPL-3.0-only WITH GCC-exception-3.1
  license_family: GPL
  size: 78573599
  timestamp: 1785374597260
- conda: https://conda.anaconda.org/conda-forge/linux-64/gcc_linux-64-14.4.0-hc469d41_0.conda
  sha256: f529b3afdb6ed570618387d363c79cf5f1b2e638e76a5fa11b93e64b6b6d6d06
  md5: e5775fadf3bde7e53d0750c540586afa
  depends:
  - gcc_impl_linux-64 14.4.0.*
  - binutils_linux-64
  - sysroot_linux-64
  license: BSD-3-Clause
  license_family: BSD
  size: 29731
  timestamp: 1785386556095
- conda: https://conda.anaconda.org/conda-forge/linux-64/gxx-14.4.0-hd47ba16_1.conda
  sha256: defd5e344fd893fa35624777d547d6444cb25072a60f3ec43e4c114af6182156
  md5: 32f70241cdcf09432f269877506c8f0c
  depends:
  - gcc 14.4.0 hc6a0c74_1
  - gxx_impl_linux-64 14.4.0 hc436dd5_1
  license: BSD-3-Clause
  license_family: BSD
  size: 28527
  timestamp: 1785374804415
- conda: https://conda.anaconda.org/conda-forge/linux-64/gxx_impl_linux-64-14.4.0-hc436dd5_1.conda
  sha256: 7531870fff6193e6501c11e777772836f2c654c3bc663eee1c58336695ef0e1d
  md5: 6d4bd0c4d4c5d9fc7653db363b1c4db4
  depends:
  - gcc_impl_linux-64 14.4.0 h9711763_1
  - libstdcxx-devel_linux-64 14.4.0 ha5b54cb_101
  - sysroot_linux-64
  - tzdata
  license: GPL-3.0-only WITH GCC-exception-3.1
  license_family: GPL
  size: 15871779
  timestamp: 1785374755447
- conda: https://conda.anaconda.org/conda-forge/linux-64/gxx_linux-64-14.4.0-h82679ac_0.conda
  sha256: 531b55ef516bd6e81c009a70036400b1b9ba2db6a35540c979b90f72e7187395
  md5: 5a2cae3743a93532d433a693062ae7f2
  depends:
  - gxx_impl_linux-64 14.4.0.*
  - gcc_linux-64 ==14.4.0 hc469d41_0
  - binutils_linux-64
  - sysroot_linux-64
  license: BSD-3-Clause
  license_family: BSD
  size: 28102
  timestamp: 1785386556095
- conda: https://conda.anaconda.org/conda-forge/linux-64/icu-78.3-h54a6638_2.conda
  sha256: d7c260b7e1cf22ce04d6ba8a86eabf4e6c50bc96a5c27fe2ecb32298af3e88eb
  md5: 4ef4b977bb216a3001a3334696a80850
  depends:
  - libstdcxx >=14
  - libgcc >=14
  - __glibc >=2.17,<3.0.a0
  license: MIT
  license_family: MIT
  size: 14455340
  timestamp: 1784916378180
- conda: https://conda.anaconda.org/conda-forge/noarch/kernel-headers_linux-64-4.18.0-he073ed8_9.conda
  sha256: 41557eeadf641de6aeae49486cef30d02a6912d8da98585d687894afd65b356a
  md5: 86d9cba083cd041bfbf242a01a7a1999
  constrains:
  - sysroot_linux-64 ==2.28
  license: LGPL-2.0-or-later AND LGPL-2.0-or-later WITH exceptions AND GPL-2.0-or-later
  license_family: GPL
  size: 1278712
  timestamp: 1765578681495
- conda: https://conda.anaconda.org/conda-forge/linux-64/keyutils-1.6.3-hb9d3cd8_0.conda
  sha256: 0960d06048a7185d3542d850986d807c6e37ca2e644342dd0c72feefcf26c2a4
  md5: b38117a3c920364aff79f870c984b4a3
  depends:
  - __glibc >=2.17,<3.0.a0
  - libgcc >=13
  license: LGPL-2.1-or-later
  size: 134088
  timestamp: 1754905959823
- conda: https://conda.anaconda.org/conda-forge/linux-64/krb5-1.22.2-hbde042b_1.conda
  sha256: 9b07046870772f28740e3f6149f09ff222843733087a33c5540b169c6289652d
  md5: 54157a1c8c0bb70f62dd0b17fba7e7f2
  depends:
  - __glibc >=2.17,<3.0.a0
  - keyutils >=1.6.3,<2.0a0
  - libedit >=3.1.20250104,<3.2.0a0
  - libedit >=3.1.20250104,<4.0a0
  - libgcc >=14
  - libstdcxx >=14
  - openssl >=3.5.7,<4.0a0
  license: MIT
  license_family: MIT
  size: 1388990
  timestamp: 1781859420533
- conda: https://conda.anaconda.org/conda-forge/linux-64/ld_impl_linux-64-2.46.1-default_hbd61a6d_102.conda
  sha256: 27d83f1188cd19bcb7754a078b3fa7f4cfb8527f8eb2fde54dd01fc529d1adec
  md5: 449500f2c089da11c40f5c21312e3e07
  depends:
  - __glibc >=2.17,<3.0.a0
  - zstd >=1.5.7,<1.6.0a0
  constrains:
  - binutils_impl_linux-64 2.46.1
  license: GPL-3.0-only
  license_family: GPL
  size: 745303
  timestamp: 1784214507189
- conda: https://conda.anaconda.org/conda-forge/linux-64/libabseil-20260526.0-cxx17_h7b12aa8_1.conda
  sha256: 32933de2d4fa6e6ffd949052815b49cb65a0649ad70007155c533ab97ea8cefd
  md5: c4393db381bffa0a83a8d9e47b238106
  depends:
  - __glibc >=2.17,<3.0.a0
  - libgcc >=14
  - libstdcxx >=14
  constrains:
  - abseil-cpp =20260526.0
  - libabseil-static =20260526.0=cxx17*
  license: Apache-2.0
  license_family: Apache
  size: 1437712
  timestamp: 1780524559298
- conda: https://conda.anaconda.org/conda-forge/linux-64/libcap-2.78-h084b8d7_1.conda
  sha256: 8cb25174d6b6fac95d31e86cfe41faffc8ee9dacbf2bfd22e6c23377e8f338c1
  md5: 5db514adf5f843126ff846d1510f22a4
  depends:
  - __glibc >=2.17,<3.0.a0
  - libgcc >=14
  license: BSD-3-Clause
  license_family: BSD
  size: 124306
  timestamp: 1786025967663
- conda: https://conda.anaconda.org/conda-forge/linux-64/libcurl-8.21.0-heca4667_4.conda
  sha256: aff8ef75636d0825ce34911e0bef2f26816e7afd090a9dcb4b9bacab75cbf584
  md5: 3f2fd5617cfacac49c85f6dc63842ea1
  depends:
  - __glibc >=2.17,<3.0.a0
  - krb5 >=1.22.2,<1.23.0a0
  - libgcc >=14
  - libnghttp2 >=1.68.1,<2.0a0
  - libpsl >=0.23.0,<0.24.0a0
  - libssh2 >=1.11.1,<2.0a0
  - libzlib >=1.3.2,<2.0a0
  - openssl >=3.5.7,<4.0a0
  - zstd >=1.5.7,<1.6.0a0
  license: curl
  license_family: MIT
  size: 480565
  timestamp: 1785500108494
- conda: https://conda.anaconda.org/conda-forge/linux-64/libedit-3.1.20250104-pl5321h7949ede_0.conda
  sha256: d789471216e7aba3c184cd054ed61ce3f6dac6f87a50ec69291b9297f8c18724
  md5: c277e0a4d549b03ac1e9d6cbbe3d017b
  depends:
  - ncurses
  - __glibc >=2.17,<3.0.a0
  - libgcc >=13
  - ncurses >=6.5,<7.0a0
  license: BSD-2-Clause
  license_family: BSD
  size: 134676
  timestamp: 1738479519902
- conda: https://conda.anaconda.org/conda-forge/linux-64/libev-4.33-h280c20c_3.conda
  sha256: e4418f68d01a6307c4431b585c71b584f40189877364e542ee87deb777f5e85b
  md5: 7bc31538d6e3fb349e897353969237ec
  depends:
  - libgcc >=14
  - __glibc >=2.17,<3.0.a0
  license: BSD-2-Clause OR GPL-2.0-or-later
  license_family: GPL
  size: 43220
  timestamp: 1785917328200
- conda: https://conda.anaconda.org/conda-forge/linux-64/libexpat-2.8.1-hecca717_1.conda
  sha256: 16feffd9ddbbe5b718515d38ee376c685ba95491cd901244e24671d20b952a77
  md5: b24d3c612f71e7aa74158d92106318b2
  depends:
  - __glibc >=2.17,<3.0.a0
  - libgcc >=14
  constrains:
  - expat 2.8.1.*
  license: MIT
  license_family: MIT
  size: 77856
  timestamp: 1781203599810
- conda: https://conda.anaconda.org/conda-forge/linux-64/libgcc-16.1.0-ha9f2e26_1.conda
  sha256: d5cb8475131c31680f8fd30512c418f373064e272e452063276a8fb14c9fa42f
  md5: 5a7d954665c707c93311657cd779c705
  depends:
  - __glibc >=2.17,<3.0.a0
  - _openmp_mutex >=4.5
  constrains:
  - libgomp 16.1.0 he0feb66_1
  - libgcc-ng ==16.1.0=*_1
  license: GPL-3.0-only WITH GCC-exception-3.1
  license_family: GPL
  size: 1057877
  timestamp: 1785375436766
- conda: https://conda.anaconda.org/conda-forge/noarch/libgcc-devel_linux-64-14.4.0-hd9a9cd0_101.conda
  sha256: dd2fd8417476a4086dc5a5ac64a884cf953c7799ac329ddea9da36f056008110
  md5: 8bd1e927275c36238cc26cc9181fd191
  depends:
  - __unix
  license: GPL-3.0-only WITH GCC-exception-3.1
  license_family: GPL
  size: 3084295
  timestamp: 1785374455100
- conda: https://conda.anaconda.org/conda-forge/linux-64/libgcc-ng-16.1.0-h69a702a_1.conda
  sha256: 225275c562337a1cd61705da0ee4235dde7bba7504de1c34b74c894adb2b0eee
  md5: 7ed870c014a6f23c7dfafda53d2763a9
  depends:
  - libgcc 16.1.0 ha9f2e26_1
  license: GPL-3.0-only WITH GCC-exception-3.1
  license_family: GPL
  size: 28210
  timestamp: 1785375440733
- conda: https://conda.anaconda.org/conda-forge/linux-64/libgomp-16.1.0-he0feb66_1.conda
  sha256: 62cb599ad0539d99386515326d9d5e8f51f75a60c69c2131b21df76edf35bd89
  md5: 88f2d91cb1533194c323534253094d23
  depends:
  - __glibc >=2.17,<3.0.a0
  license: GPL-3.0-only WITH GCC-exception-3.1
  license_family: GPL
  size: 640415
  timestamp: 1785375373755
- conda: https://conda.anaconda.org/conda-forge/linux-64/libgrpc-1.82.1-h792040b_0.conda
  sha256: 1e657c1b802c111178bc1845fe06488db5f69a85e34e970ce0989810aa562d45
  md5: aa4571fc3bcf18ad12370429aa991223
  depends:
  - __glibc >=2.17,<3.0.a0
  - c-ares >=1.34.6,<2.0a0
  - libabseil * cxx17*
  - libabseil >=20260526.0,<20260527.0a0
  - libgcc >=14
  - libprotobuf >=7.35.1,<7.35.2.0a0
  - libre2-11 >=2025.11.5
  - libstdcxx >=14
  - libzlib >=1.3.2,<2.0a0
  - openssl >=3.5.7,<4.0a0
  - re2
  constrains:
  - grpc-cpp =1.82.1
  license: Apache-2.0
  license_family: APACHE
  size: 6957755
  timestamp: 1783588701960
- conda: https://conda.anaconda.org/conda-forge/linux-64/libjpeg-turbo-3.2.0-hb03c661_1.conda
  sha256: bba8538e6538ed58a8479b332337b96986561f975d06cfa2039a016c2d246ee4
  md5: 898d1c9793eaa52efc4727bd84d2e39a
  depends:
  - __glibc >=2.17,<3.0.a0
  - libgcc >=14
  constrains:
  - jpeg <0.0.0a
  license: IJG AND BSD-3-Clause AND Zlib
  size: 650434
  timestamp: 1785896381946
- conda: https://conda.anaconda.org/conda-forge/linux-64/liblzma-5.8.3-hb03c661_0.conda
  sha256: ec30e52a3c1bf7d0425380a189d209a52baa03f22fb66dd3eb587acaa765bd6d
  md5: b88d90cad08e6bc8ad540cb310a761fb
  depends:
  - __glibc >=2.17,<3.0.a0
  - libgcc >=14
  constrains:
  - xz 5.8.3.*
  license: 0BSD
  size: 113478
  timestamp: 1775825492909
- conda: https://conda.anaconda.org/conda-forge/linux-64/libnghttp2-1.68.1-h877daf1_0.conda
  sha256: 663444d77a42f2265f54fb8b48c5450bfff4388d9c0f8253dd7855f0d993153f
  md5: 2a45e7f8af083626f009645a6481f12d
  depends:
  - __glibc >=2.17,<3.0.a0
  - c-ares >=1.34.6,<2.0a0
  - libev >=4.33,<4.34.0a0
  - libev >=4.33,<5.0a0
  - libgcc >=14
  - libstdcxx >=14
  - libzlib >=1.3.1,<2.0a0
  - openssl >=3.5.5,<4.0a0
  license: MIT
  license_family: MIT
  size: 663344
  timestamp: 1773854035739
- conda: https://conda.anaconda.org/conda-forge/linux-64/libnl-3.11.0-hb9d3cd8_0.conda
  sha256: ba7c5d294e3d80f08ac5a39564217702d1a752e352e486210faff794ac5001b4
  md5: db63358239cbe1ff86242406d440e44a
  depends:
  - __glibc >=2.17,<3.0.a0
  - libgcc >=13
  license: LGPL-2.1-or-later
  license_family: LGPL
  size: 741323
  timestamp: 1731846827427
- conda: https://conda.anaconda.org/conda-forge/linux-64/libopentelemetry-cpp-1.27.0-h3133023_1.conda
  sha256: 8f9281133322e9eb0bd4a5b11330db1c14f3b40c409639dd3805251151ca52e2
  md5: f749f223bede1bac7724e49d686ac598
  depends:
  - libabseil * cxx17*
  - libabseil >=20260526.0,<20260527.0a0
  - libcurl >=8.21.0,<9.0a0
  - libgrpc >=1.82.0,<1.83.0a0
  - libopentelemetry-cpp-headers 1.27.0 ha770c72_1
  - libprotobuf >=7.35.1,<7.35.2.0a0
  - libzlib >=1.3.2,<2.0a0
  - nlohmann_json
  - prometheus-cpp >=1.3.0,<1.4.0a0
  constrains:
  - cpp-opentelemetry-sdk =1.27.0
  license: Apache-2.0
  license_family: APACHE
  size: 948783
  timestamp: 1783133058845
- conda: https://conda.anaconda.org/conda-forge/linux-64/libopentelemetry-cpp-headers-1.27.0-ha770c72_1.conda
  sha256: 31349543e3c59c64f17e24494939a22b0e1d611bdb19d98d115775dba423cbf7
  md5: 6cc68cbbe88746be8beaf027d6c64ad3
  license: Apache-2.0
  license_family: APACHE
  size: 394726
  timestamp: 1783133038109
- conda: https://conda.anaconda.org/conda-forge/linux-64/libprotobuf-7.35.1-h2840a7c_2.conda
  sha256: b5ac3938186516c1091b96414c34f90255da2a3bbd736a0712b22bbf4b5ebf02
  md5: 729db8acaadb9a5e5bb2dc3d9ac84ae4
  depends:
  - __glibc >=2.17,<3.0.a0
  - libabseil * cxx17*
  - libabseil >=20260526.0,<20260527.0a0
  - libgcc >=14
  - libstdcxx >=14
  - libzlib >=1.3.2,<2.0a0
  license: BSD-3-Clause
  license_family: BSD
  size: 3774596
  timestamp: 1783168720126
- conda: https://conda.anaconda.org/conda-forge/linux-64/libpsl-0.23.0-hf670292_0.conda
  sha256: bbb184b81f28a868528b05a81db2448a232a762e47c983330d57b98e1211ae32
  md5: 075e9aafb806c06f190e4757506d2631
  depends:
  - libgcc >=14
  - libstdcxx >=14
  - __glibc >=2.17,<3.0.a0
  - icu >=78.3,<79.0a0
  license: MIT
  license_family: MIT
  size: 72585
  timestamp: 1785426713969
- conda: https://conda.anaconda.org/conda-forge/linux-64/libre2-11-2025.11.05-h60473fc_2.conda
  sha256: 43132eb45a569b1f63199b0e7d5874d94227e9be950b327a323e7dcc1f8cd58c
  md5: ee5c400d37b79db5d32a69ed1a79fc0b
  depends:
  - __glibc >=2.17,<3.0.a0
  - libabseil * cxx17*
  - libabseil >=20260526.0,<20260527.0a0
  - libgcc >=14
  - libstdcxx >=14
  constrains:
  - re2 2025.11.05.*
  license: BSD-3-Clause
  license_family: BSD
  size: 210598
  timestamp: 1781312565737
- conda: https://conda.anaconda.org/conda-forge/linux-64/libsanitizer-14.4.0-hf39dbba_1.conda
  sha256: 8e58b5e35c2d75d4f6a01d5650c5d672b8a96608a59af3a261050ccefe33702b
  md5: 07c5c310a267103ab4dac904a933a4a4
  depends:
  - __glibc >=2.17,<3.0.a0
  - libgcc >=14.4.0
  - libstdcxx >=14.4.0
  license: GPL-3.0-only WITH GCC-exception-3.1
  license_family: GPL
  size: 7523825
  timestamp: 1785374558337
- conda: https://conda.anaconda.org/conda-forge/linux-64/libsodium-1.0.22-h280c20c_1.conda
  sha256: b677bbf1c339d894757c3dcfbb2f88649e499e4991d70ae09a1466da9a6c92d6
  md5: 965e4d531b588b2e42f66fd8e48b056c
  depends:
  - __glibc >=2.17,<3.0.a0
  - libgcc >=14
  license: ISC
  size: 269272
  timestamp: 1779163468406
- conda: https://conda.anaconda.org/conda-forge/linux-64/libssh2-1.11.1-hcf80075_0.conda
  sha256: fa39bfd69228a13e553bd24601332b7cfeb30ca11a3ca50bb028108fe90a7661
  md5: eecce068c7e4eddeb169591baac20ac4
  depends:
  - __glibc >=2.17,<3.0.a0
  - libgcc >=13
  - libzlib >=1.3.1,<2.0a0
  - openssl >=3.5.0,<4.0a0
  license: BSD-3-Clause
  license_family: BSD
  size: 304790
  timestamp: 1745608545575
- conda: https://conda.anaconda.org/conda-forge/linux-64/libstdcxx-16.1.0-h934c35e_1.conda
  sha256: 79721dd08aeb0ab9e773f1f9ef41cf4e6c17477e3d72319147619045bce05a09
  md5: aed6cf89adc1e9b846e4367ac538e434
  depends:
  - __glibc >=2.17,<3.0.a0
  - libgcc 16.1.0 ha9f2e26_1
  constrains:
  - libstdcxx-ng ==16.1.0=*_1
  license: GPL-3.0-only WITH GCC-exception-3.1
  license_family: GPL
  size: 6631744
  timestamp: 1785375462643
- conda: https://conda.anaconda.org/conda-forge/noarch/libstdcxx-devel_linux-64-14.4.0-ha5b54cb_101.conda
  sha256: 726c006d8f078a68b15d715b64e8c72a4b10907fa1a812dfcaef9ed888c03480
  md5: 774c4627558281a7f6f7ae7b39d6fac1
  depends:
  - __unix
  license: GPL-3.0-only WITH GCC-exception-3.1
  license_family: GPL
  size: 19516469
  timestamp: 1785374476067
- conda: https://conda.anaconda.org/conda-forge/linux-64/libsystemd0-257.13-h084b8d7_1.conda
  sha256: 2293884d59cf0436c37fc0a4bad71011a8de2a6913610d1c701a7703377c1f75
  md5: ea0da9c20bbb221b530810c3c68bbe62
  depends:
  - __glibc >=2.17,<3.0.a0
  - libcap >=2.78,<2.79.0a0
  - libgcc >=14
  license: LGPL-2.1-or-later
  size: 493022
  timestamp: 1780084748140
- conda: https://conda.anaconda.org/conda-forge/linux-64/libudev1-257.13-h084b8d7_1.conda
  sha256: 287d05680e49eea51b8145fbf34bc213c0618b04f32e450e9da5d715e5134e38
  md5: 89e5671a076d99516a6acd72a35b1640
  depends:
  - __glibc >=2.17,<3.0.a0
  - libcap >=2.78,<2.79.0a0
  - libgcc >=14
  license: LGPL-2.1-or-later
  size: 145969
  timestamp: 1780084753104
- conda: https://conda.anaconda.org/conda-forge/linux-64/libuv-1.52.1-h280c20c_1.conda
  sha256: 67761d0206f84140047a367eaf9befe03a7e157a29ee25aee0047b40801cc6b6
  md5: 01c4ed87826af55996768af6dbc936b4
  depends:
  - libgcc >=14
  - __glibc >=2.17,<3.0.a0
  license: MIT
  license_family: MIT
  size: 420040
  timestamp: 1785914567661
- conda: https://conda.anaconda.org/conda-forge/linux-64/libzlib-1.3.2-h25fd6f3_3.conda
  sha256: eb8a0db0aa570124f7d2a93d7c7f596e3390df5e047818d873baad32985fc736
  md5: 0de0122d9570a8ab637c6b73db268389
  depends:
  - __glibc >=2.17,<3.0.a0
  constrains:
  - zlib 1.3.2 *_3
  license: Zlib
  license_family: Other
  size: 63713
  timestamp: 1785362952714
- conda: https://conda.anaconda.org/conda-forge/linux-64/ncurses-6.6-hdb14827_0.conda
  sha256: fc89f74bbe362fb29fa3c037697a89bec140b346a2469a90f7936d1d7ea4d8a3
  md5: fc21868a1a5aacc937e7a18747acb8a5
  depends:
  - __glibc >=2.17,<3.0.a0
  - libgcc >=14
  license: X11 AND BSD-3-Clause
  size: 918956
  timestamp: 1777422145199
- conda: https://conda.anaconda.org/conda-forge/linux-64/ninja-1.13.2-h171cf75_0.conda
  sha256: 6f7d59dbec0a7b00bf5d103a4306e8886678b796ff2151b62452d4582b2a53fb
  md5: b518e9e92493721281a60fa975bddc65
  depends:
  - libstdcxx >=14
  - libgcc >=14
  - __glibc >=2.17,<3.0.a0
  license: Apache-2.0
  license_family: APACHE
  size: 186323
  timestamp: 1763688260928
- conda: https://conda.anaconda.org/conda-forge/linux-64/nlohmann_json-3.12.0-h54a6638_2.conda
  sha256: 8f8b554c74b032b3e63a8828fb0ecc7ae4f5c5a6bd0afcf75423d5ff79290cb0
  md5: fe93be7dd9209e6ae673962e3031ff51
  constrains:
  - nlohmann_json-abi ==3.12.0
  license: MIT
  license_family: MIT
  size: 136372
  timestamp: 1785920438981
- conda: https://conda.anaconda.org/conda-forge/linux-64/omniorb-libs-4.3.4-h0273d15_1.conda
  sha256: 4f895f1ea038ee8198983f5d2c46f5e4c4cba118503e8c5b0271c04f12f532c6
  md5: 43b1faab954018cf6f63fa44f1868c3a
  depends:
  - __glibc >=2.17,<3.0.a0
  - libgcc >=14
  - libstdcxx >=14
  - libzlib >=1.3.1,<2.0a0
  - openssl >=3.5.5,<4.0a0
  - zstd >=1.5.7,<1.6.0a0
  license: GPL-2.0-or-later OR LGPL-2.1-or-later
  size: 2215658
  timestamp: 1770992496948
- conda: https://conda.anaconda.org/conda-forge/linux-64/openssl-3.6.3-h35e630c_1.conda
  sha256: 012096056b97abf1f68c46b7146bd2cbd68c1be762340b4f5dad4fbbe99177bc
  md5: c5955c27917ff2234def47f075e71e02
  depends:
  - __glibc >=2.17,<3.0.a0
  - ca-certificates
  - libgcc >=14
  license: Apache-2.0
  license_family: Apache
  size: 3182423
  timestamp: 1785913583650
- conda: https://conda.anaconda.org/conda-forge/linux-64/pkg-config-0.29.2-h4bc722e_1009.conda
  sha256: c9601efb1af5391317e04eca77c6fe4d716bf1ca1ad8da2a05d15cb7c28d7d4e
  md5: 1bee70681f504ea424fb07cdb090c001
  depends:
  - __glibc >=2.17,<3.0.a0
  - libgcc-ng >=12
  license: GPL-2.0-or-later
  license_family: GPL
  size: 115175
  timestamp: 1720805894943
- conda: https://conda.anaconda.org/conda-forge/linux-64/prometheus-cpp-1.3.0-ha5d0236_0.conda
  sha256: 013669433eb447548f21c3c6b16b2ed64356f726b5f77c1b39d5ba17a8a4b8bc
  md5: a83f6a2fdc079e643237887a37460668
  depends:
  - __glibc >=2.17,<3.0.a0
  - libcurl >=8.10.1,<9.0a0
  - libgcc >=13
  - libstdcxx >=13
  - libzlib >=1.3.1,<2.0a0
  - zlib
  license: MIT
  license_family: MIT
  size: 199544
  timestamp: 1730769112346
- conda: https://conda.anaconda.org/conda-forge/linux-64/rdma-core-63.0-h192683f_1.conda
  sha256: f0931894c751b22be09d7c976343a2957a14a59cfe0db04d916d1b93bd66ffcf
  md5: da47d3251c0f0d16b2801afe5a77b532
  depends:
  - __glibc >=2.17,<3.0.a0
  - libgcc >=14
  - libnl >=3.11.0,<4.0a0
  - libstdcxx >=14
  - libsystemd0 >=257.13
  - libudev1 >=257.13
  license: Linux-OpenIB
  license_family: BSD
  size: 1281605
  timestamp: 1778528449130
- conda: https://conda.anaconda.org/conda-forge/linux-64/re2-2025.11.05-h94463f1_2.conda
  sha256: 7279908454f0c87b84ebc4aec6924f02f41a105d88420fb35dfaf5ecd976e0f5
  md5: d83f2ee212d217a6d745a00e5be84671
  depends:
  - libre2-11 2025.11.05 h60473fc_2
  license: BSD-3-Clause
  license_family: BSD
  size: 27397
  timestamp: 1781312576962
- conda: https://conda.anaconda.org/conda-forge/linux-64/rhash-1.4.6-hb9d3cd8_1.conda
  sha256: d5c73079c1dd2c2a313c3bfd81c73dbd066b7eb08d213778c8bff520091ae894
  md5: c1c9b02933fdb2cfb791d936c20e887e
  depends:
  - __glibc >=2.17,<3.0.a0
  - libgcc >=13
  license: MIT
  license_family: MIT
  size: 193775
  timestamp: 1748644872902
- conda: https://conda.anaconda.org/conda-forge/noarch/sysroot_linux-64-2.28-h4ee821c_9.conda
  sha256: c47299fe37aebb0fcf674b3be588e67e4afb86225be4b0d452c7eb75c086b851
  md5: 13dc3adbc692664cd3beabd216434749
  depends:
  - __glibc >=2.28
  - kernel-headers_linux-64 4.18.0 he073ed8_9
  - tzdata
  license: LGPL-2.0-or-later AND LGPL-2.0-or-later WITH exceptions AND GPL-2.0-or-later
  license_family: GPL
  size: 24008591
  timestamp: 1765578833462
- conda: https://conda.anaconda.org/conda-forge/noarch/tzdata-2026c-h151e31d_0.conda
  sha256: b928c30ddcb0e3f544c6eade8352737e6e610e263276b90232db6a578ef899d8
  md5: fcb489df604d100968b737f2cb6076c6
  license: LicenseRef-Public-Domain
  size: 118849
  timestamp: 1784250406640
- conda: https://conda.anaconda.org/conda-forge/linux-64/ucx-1.22.0-hb659a20_0.conda
  sha256: 97e6f7a2a7341f3dabd584389b24e58e3983445f0a11f5b11f73f947da443ad2
  md5: df26bd65c3b0060349578809f75ce63b
  depends:
  - __glibc >=2.17,<3.0.a0
  - _openmp_mutex >=4.5
  - libgcc >=14
  - libstdcxx >=14
  - rdma-core >=63.0
  constrains:
  - cuda-cudart
  - cuda-version >=12,<13.0a0
  license: BSD-3-Clause
  license_family: BSD
  size: 9572007
  timestamp: 1785789452621
- conda: https://conda.anaconda.org/conda-forge/linux-64/zeromq-4.3.5-h09e67af_11.conda
  sha256: dc9f28dedcb5f35a127fad2d847674d2833369dd616d294e423b8997df31d8a8
  md5: 96b08867e21d4694fa5c2c226e6581b0
  depends:
  - libgcc >=14
  - __glibc >=2.17,<3.0.a0
  - libstdcxx >=14
  - krb5 >=1.22.2,<1.23.0a0
  - libsodium >=1.0.22,<1.0.23.0a0
  license: MPL-2.0
  license_family: MOZILLA
  size: 311184
  timestamp: 1779123989774
- conda: https://conda.anaconda.org/conda-forge/linux-64/zlib-1.3.2-h25fd6f3_3.conda
  sha256: 16080a1c7724f7d25727cdc23c7658e0cec2db52448c1dc0c33467ee2c6e1c62
  md5: 6acb86426229f96f93e5468d1df3a5e8
  depends:
  - __glibc >=2.17,<3.0.a0
  - libzlib 1.3.2 h25fd6f3_3
  license: Zlib
  license_family: Other
  size: 96132
  timestamp: 1785362957588
- conda: https://conda.anaconda.org/conda-forge/linux-64/zstd-1.5.7-hb78ec9c_6.conda
  sha256: 68f0206ca6e98fea941e5717cec780ed2873ffabc0e1ed34428c061e2c6268c7
  md5: 4a13eeac0b5c8e5b8ab496e6c4ddd829
  depends:
  - __glibc >=2.17,<3.0.a0
  - libzlib >=1.3.1,<2.0a0
  license: BSD-3-Clause
  license_family: BSD
  size: 601375
  timestamp: 1764777111296
